
Microsoft Visual Studio Solution File, Format Version 12.00
# Visual Studio Version 17
VisualStudioVersion = 17.2.32616.157
MinimumVisualStudioVersion = 10.0.40219.1
Project("{9A19103F-16F7-4668-BE54-9A1E7A4F7556}") = "UpCasting", "Delegates\UpCasting.csproj", "{E97DB130-0353-4EB8-8A78-48E3EA084981}"
EndProject
Project("{9A19103F-16F7-4668-BE54-9A1E7A4F7556}") = "Delegate", "Delegate\Delegate.csproj", "{22801CBB-2552-4E2A-9E71-2E10CD1A0F9A}"
EndProject
Project("{9A19103F-16F7-4668-BE54-9A1E7A4F7556}") = "Static_constructor", "Static_constructor\Static_constructor.csproj", "{BE777807-5BB8-4BC3-9516-CB14E596B957}"
EndProject
Project("{9A19103F-16F7-4668-BE54-9A1E7A4F7556}") = "Delegate_Extension", "Delegate_Extension\Delegate_Extension.csproj", "{84148C4E-8E69-4C58-96F5-C5FC69F00F25}"
EndProject
Project("{FAE04EC0-301F-11D3-BF4B-00C04F79EFBC}") = "Lambda_Exp", "Lambda_Exp\Lambda_Exp.csproj", "{7D544877-89C1-44C6-89B5-2D904B8CDD19}"
EndProject
Global
	GlobalSection(SolutionConfigurationPlatforms) = preSolution
		Debug|Any CPU = Debug|Any CPU
		Release|Any CPU = Release|Any CPU
	EndGlobalSection
	GlobalSection(ProjectConfigurationPlatforms) = postSolution
		{E97DB130-0353-4EB8-8A78-48E3EA084981}.Debug|Any CPU.ActiveCfg = Debug|Any CPU
		{E97DB130-0353-4EB8-8A78-48E3EA084981}.Debug|Any CPU.Build.0 = Debug|Any CPU
		{E97DB130-0353-4EB8-8A78-48E3EA084981}.Release|Any CPU.ActiveCfg = Release|Any CPU
		{E97DB130-0353-4EB8-8A78-48E3EA084981}.Release|Any CPU.Build.0 = Release|Any CPU
		{22801CBB-2552-4E2A-9E71-2E10CD1A0F9A}.Debug|Any CPU.ActiveCfg = Debug|Any CPU
		{22801CBB-2552-4E2A-9E71-2E10CD1A0F9A}.Debug|Any CPU.Build.0 = Debug|Any CPU
		{22801CBB-2552-4E2A-9E71-2E10CD1A0F9A}.Release|Any CPU.ActiveCfg = Release|Any CPU
		{22801CBB-2552-4E2A-9E71-2E10CD1A0F9A}.Release|Any CPU.Build.0 = Release|Any CPU
		{BE777807-5BB8-4BC3-9516-CB14E596B957}.Debug|Any CPU.ActiveCfg = Debug|Any CPU
		{BE777807-5BB8-4BC3-9516-CB14E596B957}.Debug|Any CPU.Build.0 = Debug|Any CPU
		{BE777807-5BB8-4BC3-9516-CB14E596B957}.Release|Any CPU.ActiveCfg = Release|Any CPU
		{BE777807-5BB8-4BC3-9516-CB14E596B957}.Release|Any CPU.Build.0 = Release|Any CPU
		{84148C4E-8E69-4C58-96F5-C5FC69F00F25}.Debug|Any CPU.ActiveCfg = Debug|Any CPU
		{84148C4E-8E69-4C58-96F5-C5FC69F00F25}.Debug|Any CPU.Build.0 = Debug|Any CPU
		{84148C4E-8E69-4C58-96F5-C5FC69F00F25}.Release|Any CPU.ActiveCfg = Release|Any CPU
		{84148C4E-8E69-4C58-96F5-C5FC69F00F25}.Release|Any CPU.Build.0 = Release|Any CPU
		{7D544877-89C1-44C6-89B5-2D904B8CDD19}.Debug|Any CPU.ActiveCfg = Debug|Any CPU
		{7D544877-89C1-44C6-89B5-2D904B8CDD19}.Debug|Any CPU.Build.0 = Debug|Any CPU
		{7D544877-89C1-44C6-89B5-2D904B8CDD19}.Release|Any CPU.ActiveCfg = Release|Any CPU
		{7D544877-89C1-44C6-89B5-2D904B8CDD19}.Release|Any CPU.Build.0 = Release|Any CPU
	EndGlobalSection
	GlobalSection(SolutionProperties) = preSolution
		HideSolutionNode = FALSE
	EndGlobalSection
	GlobalSection(ExtensibilityGlobals) = postSolution
		SolutionGuid = {9327B9C7-1BC3-4D8F-84F1-04525B24B7BC}
	EndGlobalSection
EndGlobal
